
Microsoft Visual Studio Solution File, Format Version 12.00
# Visual Studio Version 16
VisualStudioVersion = 16.0.29215.179
MinimumVisualStudioVersion = 10.0.40219.1
Project("{FAE04EC0-301F-11D3-BF4B-00C04F79EFBC}") = "PlagCheck_Server", "PlagCheck_Server.csproj", "{B8A40C19-4FF5-4FB0-8672-D8BAF6318A8B}"
EndProject
Global
	GlobalSection(SolutionConfigurationPlatforms) = preSolution
		Debug|Any CPU = Debug|Any CPU
		Release|Any CPU = Release|Any CPU
	EndGlobalSection
	GlobalSection(ProjectConfigurationPlatforms) = postSolution
		{B8A40C19-4FF5-4FB0-8672-D8BAF6318A8B}.Debug|Any CPU.ActiveCfg = Debug|Any CPU
		{B8A40C19-4FF5-4FB0-8672-D8BAF6318A8B}.Debug|Any CPU.Build.0 = Debug|Any CPU
		{B8A40C19-4FF5-4FB0-8672-D8BAF6318A8B}.Release|Any CPU.ActiveCfg = Release|Any CPU
		{B8A40C19-4FF5-4FB0-8672-D8BAF6318A8B}.Release|Any CPU.Build.0 = Release|Any CPU
	EndGlobalSection
	GlobalSection(SolutionProperties) = preSolution
		HideSolutionNode = FALSE
	EndGlobalSection
	GlobalSection(ExtensibilityGlobals) = postSolution
		SolutionGuid = {152DC76E-D697-490A-A5F7-59439EEAACAB}
	EndGlobalSection
EndGlobal
